
Microsoft Visual Studio Solution File, Format Version 12.00
# Visual Studio Version 17
VisualStudioVersion = 17.7.34024.191
MinimumVisualStudioVersion = 10.0.40219.1
Project("{FAE04EC0-301F-11D3-BF4B-00C04F79EFBC}") = "FitnessCentreSystem", "WindowsFormsApp1\FitnessCentreSystem.csproj", "{4FC083FA-45AB-4282-9A72-500F576B1524}"
EndProject
Global
	GlobalSection(SolutionConfigurationPlatforms) = preSolution
		Debug|Any CPU = Debug|Any CPU
		Release|Any CPU = Release|Any CPU
	EndGlobalSection
	GlobalSection(ProjectConfigurationPlatforms) = postSolution
		{4FC083FA-45AB-4282-9A72-500F576B1524}.Debug|Any CPU.ActiveCfg = Debug|Any CPU
		{4FC083FA-45AB-4282-9A72-500F576B1524}.Debug|Any CPU.Build.0 = Debug|Any CPU
		{4FC083FA-45AB-4282-9A72-500F576B1524}.Release|Any CPU.ActiveCfg = Release|Any CPU
		{4FC083FA-45AB-4282-9A72-500F576B1524}.Release|Any CPU.Build.0 = Release|Any CPU
	EndGlobalSection
	GlobalSection(SolutionProperties) = preSolution
		HideSolutionNode = FALSE
	EndGlobalSection
	GlobalSection(ExtensibilityGlobals) = postSolution
		SolutionGuid = {602F6CE3-862E-452E-8BE1-4034F0094CA3}
	EndGlobalSection
EndGlobal
